
Microsoft Visual Studio Solution File, Format Version 12.00
# Visual Studio Version 17
VisualStudioVersion = 17.14.36310.24 d17.14
MinimumVisualStudioVersion = 10.0.40219.1
Project("{FAE04EC0-301F-11D3-BF4B-00C04F79EFBC}") = "Node", "Node\Node.csproj", "{E4825583-958A-41CD-B735-4C6B3E5C752F}"
EndProject
Global
	GlobalSection(SolutionConfigurationPlatforms) = preSolution
		Debug|Any CPU = Debug|Any CPU
		Release|Any CPU = Release|Any CPU
	EndGlobalSection
	GlobalSection(ProjectConfigurationPlatforms) = postSolution
		{E4825583-958A-41CD-B735-4C6B3E5C752F}.Debug|Any CPU.ActiveCfg = Debug|Any CPU
		{E4825583-958A-41CD-B735-4C6B3E5C752F}.Debug|Any CPU.Build.0 = Debug|Any CPU
		{E4825583-958A-41CD-B735-4C6B3E5C752F}.Release|Any CPU.ActiveCfg = Release|Any CPU
		{E4825583-958A-41CD-B735-4C6B3E5C752F}.Release|Any CPU.Build.0 = Release|Any CPU
	EndGlobalSection
	GlobalSection(SolutionProperties) = preSolution
		HideSolutionNode = FALSE
	EndGlobalSection
	GlobalSection(ExtensibilityGlobals) = postSolution
		SolutionGuid = {AE3EC92A-DBF1-449B-B097-05625D74C803}
	EndGlobalSection
EndGlobal
